{
  "version": 4,
  "terraform_version": "1.4.2",
  "serial": 13,
  "lineage": "06d9f2ba-563c-f68d-835b-941c0eed9068",
  "outputs": {},
  "resources": [
    {
      "mode": "managed",
      "type": "local_file",
      "name": "cat",
      "provider": "provider[\"registry.terraform.io/hashicorp/local\"]",
      "instances": [
        {
          "schema_version": 0,
          "attributes": {
            "content": "My favorite pet is Mr. Whiskers.",
            "content_base64": null,
            "content_base64sha256": "I0JWdnpV6XUrAMFroQWymvItGTouADLF6i0RXFjYhMc=",
            "content_base64sha512": "x933iXp6xTP93pgCNhv2eSKjNq6Jl8qO11U2r1A/WW048bfL6Du4DWAXJostYpwqYCSbF+y4rZJo9fO6qxtvQg==",
            "content_md5": "01255d2e864a2144472509d390bafde3",
            "content_sha1": "345f892fb44476f4cf1d1ad56d354a5fa41d09ea",
            "content_sha256": "234256767a55e9752b00c16ba105b29af22d193a2e0032c5ea2d115c58d884c7",
            "content_sha512": "c7ddf7897a7ac533fdde9802361bf67922a336ae8997ca8ed75536af503f596d38f1b7cbe83bb80d6017268b2d629c2a60249b17ecb8ad9268f5f3baab1b6f42",
            "directory_permission": "0777",
            "file_permission": "0777",
            "filename": "cat.txt",
            "id": "345f892fb44476f4cf1d1ad56d354a5fa41d09ea",
            "sensitive_content": null,
            "source": null
          },
          "sensitive_attributes": []
        }
      ]
    },
    {
      "mode": "managed",
      "type": "local_file",
      "name": "pet",
      "provider": "provider[\"registry.terraform.io/hashicorp/local\"]",
      "instances": [
        {
          "schema_version": 0,
          "attributes": {
            "content": "We love pets!",
            "content_base64": null,
            "content_base64sha256": "zUA5Ip/IeKlmTQIptlp90JdMGAd8YLStDXhpGq0Bp0c=",
            "content_base64sha512": "tduqTz5S8Wa3O9Ab5+g0GcGL6kMjMh61vjFcMm5KkOO5TgViAC/kBOdvYHl9qky2K99+u80z0CfCs2ExsHbjGg==",
            "content_md5": "f510a471c5dc0bcd4759ad9dc81a516f",
            "content_sha1": "cba595b7d9f94ba1107a46f3f731912d95fb3d2c",
            "content_sha256": "cd4039229fc878a9664d0229b65a7dd0974c18077c60b4ad0d78691aad01a747",
            "content_sha512": "b5dbaa4f3e52f166b73bd01be7e83419c18bea4323321eb5be315c326e4a90e3b94e0562002fe404e76f60797daa4cb62bdf7ebbcd33d027c2b36131b076e31a",
            "directory_permission": "0777",
            "file_permission": "0777",
            "filename": "pets.txt",
            "id": "cba595b7d9f94ba1107a46f3f731912d95fb3d2c",
            "sensitive_content": null,
            "source": null
          },
          "sensitive_attributes": []
        }
      ]
    }
  ],
  "check_results": null
}
